
Microsoft Visual Studio Solution File, Format Version 12.00
# Visual Studio Version 16
VisualStudioVersion = 16.0.29613.14
MinimumVisualStudioVersion = 10.0.40219.1
Project("{FAE04EC0-301F-11D3-BF4B-00C04F79EFBC}") = "PhoneBook.Ui", "PhoneBook\PhoneBook.Ui.csproj", "{2DC01AE4-4539-4F19-8576-8E4FE11CEC7C}"
EndProject
Project("{FAE04EC0-301F-11D3-BF4B-00C04F79EFBC}") = "PhoneBook.Domain", "PhoneBook.Domain\PhoneBook.Domain.csproj", "{C9AB4339-BE15-4E3C-923C-90BA96367B66}"
EndProject
Project("{FAE04EC0-301F-11D3-BF4B-00C04F79EFBC}") = "PhoneBook.Infrastructure", "PhoneBook.Infrastructure\PhoneBook.Infrastructure.csproj", "{EE85A83B-E945-4989-A7BE-4049BBBE03F9}"
EndProject
Global
	GlobalSection(SolutionConfigurationPlatforms) = preSolution
		Debug|Any CPU = Debug|Any CPU
		Release|Any CPU = Release|Any CPU
	EndGlobalSection
	GlobalSection(ProjectConfigurationPlatforms) = postSolution
		{2DC01AE4-4539-4F19-8576-8E4FE11CEC7C}.Debug|Any CPU.ActiveCfg = Debug|Any CPU
		{2DC01AE4-4539-4F19-8576-8E4FE11CEC7C}.Debug|Any CPU.Build.0 = Debug|Any CPU
		{2DC01AE4-4539-4F19-8576-8E4FE11CEC7C}.Release|Any CPU.ActiveCfg = Release|Any CPU
		{2DC01AE4-4539-4F19-8576-8E4FE11CEC7C}.Release|Any CPU.Build.0 = Release|Any CPU
		{C9AB4339-BE15-4E3C-923C-90BA96367B66}.Debug|Any CPU.ActiveCfg = Debug|Any CPU
		{C9AB4339-BE15-4E3C-923C-90BA96367B66}.Debug|Any CPU.Build.0 = Debug|Any CPU
		{C9AB4339-BE15-4E3C-923C-90BA96367B66}.Release|Any CPU.ActiveCfg = Release|Any CPU
		{C9AB4339-BE15-4E3C-923C-90BA96367B66}.Release|Any CPU.Build.0 = Release|Any CPU
		{EE85A83B-E945-4989-A7BE-4049BBBE03F9}.Debug|Any CPU.ActiveCfg = Debug|Any CPU
		{EE85A83B-E945-4989-A7BE-4049BBBE03F9}.Debug|Any CPU.Build.0 = Debug|Any CPU
		{EE85A83B-E945-4989-A7BE-4049BBBE03F9}.Release|Any CPU.ActiveCfg = Release|Any CPU
		{EE85A83B-E945-4989-A7BE-4049BBBE03F9}.Release|Any CPU.Build.0 = Release|Any CPU
	EndGlobalSection
	GlobalSection(SolutionProperties) = preSolution
		HideSolutionNode = FALSE
	EndGlobalSection
	GlobalSection(ExtensibilityGlobals) = postSolution
		SolutionGuid = {64D34941-8A31-4134-B43E-EB01A84478CF}
	EndGlobalSection
EndGlobal
